
Microsoft Visual Studio Solution File, Format Version 12.00
# Visual Studio Version 16
VisualStudioVersion = 16.0.30204.135
MinimumVisualStudioVersion = 10.0.40219.1
Project("{9A19103F-16F7-4668-BE54-9A1E7A4F7556}") = "Blog.Core", "Blog.Core.csproj", "{5154BF2E-1F88-429D-B515-0981EEC89CF0}"
EndProject
Project("{FAE04EC0-301F-11D3-BF4B-00C04F79EFBC}") = "Blog.Core.Model", "..\Blog.Core.Model\Blog.Core.Model.csproj", "{7AE2E857-8A9B-4FF6-9690-1E977E7A0DC3}"
EndProject
Global
	GlobalSection(SolutionConfigurationPlatforms) = preSolution
		Debug|Any CPU = Debug|Any CPU
		Release|Any CPU = Release|Any CPU
	EndGlobalSection
	GlobalSection(ProjectConfigurationPlatforms) = postSolution
		{5154BF2E-1F88-429D-B515-0981EEC89CF0}.Debug|Any CPU.ActiveCfg = Debug|Any CPU
		{5154BF2E-1F88-429D-B515-0981EEC89CF0}.Debug|Any CPU.Build.0 = Debug|Any CPU
		{5154BF2E-1F88-429D-B515-0981EEC89CF0}.Release|Any CPU.ActiveCfg = Release|Any CPU
		{5154BF2E-1F88-429D-B515-0981EEC89CF0}.Release|Any CPU.Build.0 = Release|Any CPU
		{7AE2E857-8A9B-4FF6-9690-1E977E7A0DC3}.Debug|Any CPU.ActiveCfg = Debug|Any CPU
		{7AE2E857-8A9B-4FF6-9690-1E977E7A0DC3}.Debug|Any CPU.Build.0 = Debug|Any CPU
		{7AE2E857-8A9B-4FF6-9690-1E977E7A0DC3}.Release|Any CPU.ActiveCfg = Release|Any CPU
		{7AE2E857-8A9B-4FF6-9690-1E977E7A0DC3}.Release|Any CPU.Build.0 = Release|Any CPU
	EndGlobalSection
	GlobalSection(SolutionProperties) = preSolution
		HideSolutionNode = FALSE
	EndGlobalSection
	GlobalSection(ExtensibilityGlobals) = postSolution
		SolutionGuid = {F09F9444-E72E-4C5C-86FB-564200D5C46D}
	EndGlobalSection
EndGlobal
