
Microsoft Visual Studio Solution File, Format Version 12.00
# Visual Studio Version 16
VisualStudioVersion = 16.0.29230.61
MinimumVisualStudioVersion = 10.0.40219.1
Project("{FAE04EC0-301F-11D3-BF4B-00C04F79EFBC}") = "RazorPagesMovie", "RazorPagesMovie.csproj", "{09B8CFB4-B45B-4AC0-A930-F57523CF9262}"
EndProject
Global
	GlobalSection(SolutionConfigurationPlatforms) = preSolution
		Debug|Any CPU = Debug|Any CPU
		Release|Any CPU = Release|Any CPU
	EndGlobalSection
	GlobalSection(ProjectConfigurationPlatforms) = postSolution
		{09B8CFB4-B45B-4AC0-A930-F57523CF9262}.Debug|Any CPU.ActiveCfg = Debug|Any CPU
		{09B8CFB4-B45B-4AC0-A930-F57523CF9262}.Debug|Any CPU.Build.0 = Debug|Any CPU
		{09B8CFB4-B45B-4AC0-A930-F57523CF9262}.Release|Any CPU.ActiveCfg = Release|Any CPU
		{09B8CFB4-B45B-4AC0-A930-F57523CF9262}.Release|Any CPU.Build.0 = Release|Any CPU
	EndGlobalSection
	GlobalSection(SolutionProperties) = preSolution
		HideSolutionNode = FALSE
	EndGlobalSection
	GlobalSection(ExtensibilityGlobals) = postSolution
		SolutionGuid = {F9C0AA9D-9186-4D4A-9E47-6EFDA110708E}
	EndGlobalSection
EndGlobal
